[[package]]
category = "dev"
description = "The Cython compiler for writing C extensions for the Python language."
name = "cython"
optional = false
python-versions = ">=2.6, !=3.0.*, !=3.1.*, !=3.2.*"
version = "0.29.5"

[metadata]
content-hash = "1b4b2a463cf2a5c84b9653047eebcc066ad9f3810c3cd16e19e94dc405ba30ed"
python-versions = "^3.7"

[metadata.hashes]
cython = ["0154d3eead9432dfbef489fecf3a9d9202da0ab4966b796c319c4a3048ff2c03", "0355e23994919a6abfce3b9493062f69317f2057560bde694493fa18306b7824", "06c0c1332ce36bb6feb6c3590cd72c0b4fa59b34202b1975d484319595e2a548", "0970fc905136b520a7595e1d43ff465a8ab24103ac54da801f9bb25be940bb5b", "1242351548eeb2c99ca2958fa2eebae08fc361f30d56588ff4f28cdb63a440c1", "17a573b551aa34878eba7e0b34a774b18e4b2b35943b2e7d2ae0a31ac5446e39", "28025cd1d36df61257646d97325046ee894118e267a49d19fd321fbca413c3df", "37d1d560d49985b87629785cf9971add6dd621fc9db1505a5811dcb0feb34a94", "3f6ed611cf01e7bbd852bb4f77bea05f0fcca0556926aa0de21a20f719c4abc5", "5254de3aecc883d89243f37da74ceff70d9bf459b94ad816f889c794a51a3e76", "54484d6b3c102c1e52ebb5dbcee4b7b42efae96ac3d1a2e1d640acab8d7c6fbe", "6760738fab5d44e3615fb4c3a12dd5b766850e79dc1bd2ecb4c1df361871f1c3", "69c3cd2fe8c2db18a2042aaeb8b3bb0a9ea214c1612c8431fab0acb5ed434b07", "73d3e28f9fb445bf67cc753c826e63ce9c3308d62d7e642dfb8cc3556f3ac685", "74763f2ac133aabb1a8260ff00303571b91b7c866e0bbcd05159dc72a67f9911", "764049a11173b2039674879b1be0d73e2288af4fc1ad8177aa99cdc0de335b31", "9d5290d749099a8e446422adfb0aa2142c711284800fb1eb70f595101e32cbf1", "a12a83d72aa1298236b63c1d5e95de6230c634cc9c3eb06be51c67f88ccedd92", "aa83ce29f04c3d83d51863819281be8bf35d22ae1b8fba9a32cd8a84cd471998", "ab3d291304c4e4160276533d3e4e36380ba18dacf2c8d6573980f2ef168f3afb", "b1b4ffcb39e77e29862e23d3a25a7c307cac85c8d0654d51547059c053060fc5", "c0ef97e126831ec8ae616c5a4d9b321b6e792cf48a1bf473fd6555226c91839f", "c15c3fe45855d985922c0f74f8c282b126b3458d5662c4875ae0d088d12b7c3f", "cdafe6f7f7dd32ce79b9d5dade7045de7c89d747bce4804f41be84027dc23312", "d4d9a9531d3f5990f2f043288359c83527ab927ef4ad9c55a831166d68a53baa", "f5722b4eb8052405c314dfae8a1a6e27ee493d051354c53f1ceb8f4e1fd3f075", "f581171b9c3b4d5048ce64634b210bfccec06ef3a7422f1807a2a8de31a3c075", "f8971da715deda1670e2383185c0c2a1ea819fb17221953f4d0c20d0f14ef24d"]
